
Microsoft Visual Studio Solution File, Format Version 12.00
# Visual Studio Version 17
VisualStudioVersion = 17.0.32112.339
MinimumVisualStudioVersion = 10.0.40219.1
Project("{2150E333-8FDC-42A3-9474-1A3956D46DE8}") = "Services", "Services", "{B51CD644-8F02-4396-97F4-A58D5F0AE8DB}"
EndProject
Project("{2150E333-8FDC-42A3-9474-1A3956D46DE8}") = "Catalog", "Catalog", "{99DD5F0D-08C0-4B75-A095-DB19FA88511C}"
EndProject
Project("{9A19103F-16F7-4668-BE54-9A1E7A4F7556}") = "Catalog.API", "Services\Catalog\Catalog.API\Catalog.API.csproj", "{210F5904-3161-49BA-B755-E43C7EECA445}"
EndProject
Project("{E53339B2-1760-4266-BCC7-CA923CBCF16C}") = "docker-compose", "docker-compose.dcproj", "{11EB8633-8C6D-41E2-8D9E-078A5299489C}"
EndProject
Project("{2150E333-8FDC-42A3-9474-1A3956D46DE8}") = "Basket", "Basket", "{907935AE-B5E3-4125-8661-5683D5F36FC0}"
EndProject
Project("{FAE04EC0-301F-11D3-BF4B-00C04F79EFBC}") = "Basket.API", "Services\Basket\Basket.API\Basket.API.csproj", "{9C1AC4ED-0C52-4057-B1C7-AED827E1E791}"
EndProject
Project("{2150E333-8FDC-42A3-9474-1A3956D46DE8}") = "Discount", "Discount", "{1ED7E022-2397-4D7F-8F77-69E6F28CC4F5}"
EndProject
Project("{FAE04EC0-301F-11D3-BF4B-00C04F79EFBC}") = "Discount.API", "Services\Discount\Discount.API\Discount.API.csproj", "{807C6F34-2711-4139-84CB-4728E178986D}"
EndProject
Project("{FAE04EC0-301F-11D3-BF4B-00C04F79EFBC}") = "Discount.Grpc", "Services\Discount\Discount.Grpc\Discount.Grpc.csproj", "{F9A7880F-9C51-435F-8F3A-DC572518575F}"
EndProject
Project("{2150E333-8FDC-42A3-9474-1A3956D46DE8}") = "Ordering", "Ordering", "{9169327B-CA09-4176-A63A-AD68FA1F2824}"
EndProject
Project("{FAE04EC0-301F-11D3-BF4B-00C04F79EFBC}") = "Ordering.API", "Services\Ordering\Ordering.API\Ordering.API.csproj", "{F089ACA2-6B64-48F5-8708-DE09C327C806}"
EndProject
Project("{FAE04EC0-301F-11D3-BF4B-00C04F79EFBC}") = "Ordering.Domain", "Services\Ordering\Ordering.Domain\Ordering.Domain.csproj", "{9C31DF68-3B8A-407F-A390-F85300652AA3}"
EndProject
Project("{FAE04EC0-301F-11D3-BF4B-00C04F79EFBC}") = "Ordering.Application", "Services\Ordering\Ordering.Application\Ordering.Application.csproj", "{F8B0EF11-25D1-44BA-BAA3-CDC47C1481DD}"
EndProject
Project("{FAE04EC0-301F-11D3-BF4B-00C04F79EFBC}") = "Ordering.Infrastructure", "Services\Ordering\Ordering.Infrastructure\Ordering.Infrastructure.csproj", "{2A77BB20-6899-403F-9338-31D51571063A}"
EndProject
Project("{2150E333-8FDC-42A3-9474-1A3956D46DE8}") = "BuildingBlocks", "BuildingBlocks", "{E456ECA2-5EE8-4A18-A734-30A038109497}"
EndProject
Project("{FAE04EC0-301F-11D3-BF4B-00C04F79EFBC}") = "EventBus.Messages", "BuildingBlocks\EventBus.Messages\EventBus.Messages.csproj", "{0919B1D9-193E-4C4D-8935-7A9814419006}"
EndProject
Project("{2150E333-8FDC-42A3-9474-1A3956D46DE8}") = "ApiGateways", "ApiGateways", "{ED10D4A7-D3BA-4690-B3F2-49041B38F592}"
EndProject
Project("{FAE04EC0-301F-11D3-BF4B-00C04F79EFBC}") = "OcelotApiGateway", "ApiGateways\OcelotApiGateway\OcelotApiGateway.csproj", "{A8150FEB-C46D-4D4F-B8A3-1CD8A6B76747}"
EndProject
Global
	GlobalSection(SolutionConfigurationPlatforms) = preSolution
		Debug|Any CPU = Debug|Any CPU
		Release|Any CPU = Release|Any CPU
	EndGlobalSection
	GlobalSection(ProjectConfigurationPlatforms) = postSolution
		{210F5904-3161-49BA-B755-E43C7EECA445}.Debug|Any CPU.ActiveCfg = Debug|Any CPU
		{210F5904-3161-49BA-B755-E43C7EECA445}.Debug|Any CPU.Build.0 = Debug|Any CPU
		{210F5904-3161-49BA-B755-E43C7EECA445}.Release|Any CPU.ActiveCfg = Release|Any CPU
		{210F5904-3161-49BA-B755-E43C7EECA445}.Release|Any CPU.Build.0 = Release|Any CPU
		{11EB8633-8C6D-41E2-8D9E-078A5299489C}.Debug|Any CPU.ActiveCfg = Debug|Any CPU
		{11EB8633-8C6D-41E2-8D9E-078A5299489C}.Debug|Any CPU.Build.0 = Debug|Any CPU
		{11EB8633-8C6D-41E2-8D9E-078A5299489C}.Release|Any CPU.ActiveCfg = Release|Any CPU
		{11EB8633-8C6D-41E2-8D9E-078A5299489C}.Release|Any CPU.Build.0 = Release|Any CPU
		{9C1AC4ED-0C52-4057-B1C7-AED827E1E791}.Debug|Any CPU.ActiveCfg = Debug|Any CPU
		{9C1AC4ED-0C52-4057-B1C7-AED827E1E791}.Debug|Any CPU.Build.0 = Debug|Any CPU
		{9C1AC4ED-0C52-4057-B1C7-AED827E1E791}.Release|Any CPU.ActiveCfg = Release|Any CPU
		{9C1AC4ED-0C52-4057-B1C7-AED827E1E791}.Release|Any CPU.Build.0 = Release|Any CPU
		{9C1AC4ED-0C52-4057-B1C7-AED827E1E791}.Debug|Any CPU.Deploy.0 = Debug|Any CPU
		{807C6F34-2711-4139-84CB-4728E178986D}.Debug|Any CPU.ActiveCfg = Debug|Any CPU
		{807C6F34-2711-4139-84CB-4728E178986D}.Debug|Any CPU.Build.0 = Debug|Any CPU
		{807C6F34-2711-4139-84CB-4728E178986D}.Release|Any CPU.ActiveCfg = Release|Any CPU
		{807C6F34-2711-4139-84CB-4728E178986D}.Release|Any CPU.Build.0 = Release|Any CPU
		{F9A7880F-9C51-435F-8F3A-DC572518575F}.Debug|Any CPU.ActiveCfg = Debug|Any CPU
		{F9A7880F-9C51-435F-8F3A-DC572518575F}.Debug|Any CPU.Build.0 = Debug|Any CPU
		{F9A7880F-9C51-435F-8F3A-DC572518575F}.Release|Any CPU.ActiveCfg = Release|Any CPU
		{F9A7880F-9C51-435F-8F3A-DC572518575F}.Release|Any CPU.Build.0 = Release|Any CPU
		{F9A7880F-9C51-435F-8F3A-DC572518575F}.Debug|Any CPU.Deploy.0 = Debug|Any CPU
		{F089ACA2-6B64-48F5-8708-DE09C327C806}.Debug|Any CPU.ActiveCfg = Debug|Any CPU
		{F089ACA2-6B64-48F5-8708-DE09C327C806}.Debug|Any CPU.Build.0 = Debug|Any CPU
		{F089ACA2-6B64-48F5-8708-DE09C327C806}.Release|Any CPU.ActiveCfg = Release|Any CPU
		{F089ACA2-6B64-48F5-8708-DE09C327C806}.Release|Any CPU.Build.0 = Release|Any CPU
		{9C31DF68-3B8A-407F-A390-F85300652AA3}.Debug|Any CPU.ActiveCfg = Debug|Any CPU
		{9C31DF68-3B8A-407F-A390-F85300652AA3}.Debug|Any CPU.Build.0 = Debug|Any CPU
		{9C31DF68-3B8A-407F-A390-F85300652AA3}.Release|Any CPU.ActiveCfg = Release|Any CPU
		{9C31DF68-3B8A-407F-A390-F85300652AA3}.Release|Any CPU.Build.0 = Release|Any CPU
		{F8B0EF11-25D1-44BA-BAA3-CDC47C1481DD}.Debug|Any CPU.ActiveCfg = Debug|Any CPU
		{F8B0EF11-25D1-44BA-BAA3-CDC47C1481DD}.Debug|Any CPU.Build.0 = Debug|Any CPU
		{F8B0EF11-25D1-44BA-BAA3-CDC47C1481DD}.Release|Any CPU.ActiveCfg = Release|Any CPU
		{F8B0EF11-25D1-44BA-BAA3-CDC47C1481DD}.Release|Any CPU.Build.0 = Release|Any CPU
		{2A77BB20-6899-403F-9338-31D51571063A}.Debug|Any CPU.ActiveCfg = Debug|Any CPU
		{2A77BB20-6899-403F-9338-31D51571063A}.Debug|Any CPU.Build.0 = Debug|Any CPU
		{2A77BB20-6899-403F-9338-31D51571063A}.Release|Any CPU.ActiveCfg = Release|Any CPU
		{2A77BB20-6899-403F-9338-31D51571063A}.Release|Any CPU.Build.0 = Release|Any CPU
		{0919B1D9-193E-4C4D-8935-7A9814419006}.Debug|Any CPU.ActiveCfg = Debug|Any CPU
		{0919B1D9-193E-4C4D-8935-7A9814419006}.Debug|Any CPU.Build.0 = Debug|Any CPU
		{0919B1D9-193E-4C4D-8935-7A9814419006}.Release|Any CPU.ActiveCfg = Release|Any CPU
		{0919B1D9-193E-4C4D-8935-7A9814419006}.Release|Any CPU.Build.0 = Release|Any CPU
		{A8150FEB-C46D-4D4F-B8A3-1CD8A6B76747}.Debug|Any CPU.ActiveCfg = Debug|Any CPU
		{A8150FEB-C46D-4D4F-B8A3-1CD8A6B76747}.Debug|Any CPU.Build.0 = Debug|Any CPU
		{A8150FEB-C46D-4D4F-B8A3-1CD8A6B76747}.Release|Any CPU.ActiveCfg = Release|Any CPU
		{A8150FEB-C46D-4D4F-B8A3-1CD8A6B76747}.Release|Any CPU.Build.0 = Release|Any CPU
	EndGlobalSection
	GlobalSection(SolutionProperties) = preSolution
		HideSolutionNode = FALSE
	EndGlobalSection
	GlobalSection(NestedProjects) = preSolution
		{99DD5F0D-08C0-4B75-A095-DB19FA88511C} = {B51CD644-8F02-4396-97F4-A58D5F0AE8DB}
		{210F5904-3161-49BA-B755-E43C7EECA445} = {99DD5F0D-08C0-4B75-A095-DB19FA88511C}
		{907935AE-B5E3-4125-8661-5683D5F36FC0} = {B51CD644-8F02-4396-97F4-A58D5F0AE8DB}
		{9C1AC4ED-0C52-4057-B1C7-AED827E1E791} = {907935AE-B5E3-4125-8661-5683D5F36FC0}
		{1ED7E022-2397-4D7F-8F77-69E6F28CC4F5} = {B51CD644-8F02-4396-97F4-A58D5F0AE8DB}
		{807C6F34-2711-4139-84CB-4728E178986D} = {1ED7E022-2397-4D7F-8F77-69E6F28CC4F5}
		{F9A7880F-9C51-435F-8F3A-DC572518575F} = {1ED7E022-2397-4D7F-8F77-69E6F28CC4F5}
		{9169327B-CA09-4176-A63A-AD68FA1F2824} = {B51CD644-8F02-4396-97F4-A58D5F0AE8DB}
		{F089ACA2-6B64-48F5-8708-DE09C327C806} = {9169327B-CA09-4176-A63A-AD68FA1F2824}
		{9C31DF68-3B8A-407F-A390-F85300652AA3} = {9169327B-CA09-4176-A63A-AD68FA1F2824}
		{F8B0EF11-25D1-44BA-BAA3-CDC47C1481DD} = {9169327B-CA09-4176-A63A-AD68FA1F2824}
		{2A77BB20-6899-403F-9338-31D51571063A} = {9169327B-CA09-4176-A63A-AD68FA1F2824}
		{0919B1D9-193E-4C4D-8935-7A9814419006} = {E456ECA2-5EE8-4A18-A734-30A038109497}
		{A8150FEB-C46D-4D4F-B8A3-1CD8A6B76747} = {ED10D4A7-D3BA-4690-B3F2-49041B38F592}
	EndGlobalSection
	GlobalSection(ExtensibilityGlobals) = postSolution
		SolutionGuid = {BE063101-90D8-423D-96B1-AA1C1972D109}
	EndGlobalSection
EndGlobal
